# @generated - this file is auto-generated by `mise lock` https://mise.jdx.dev/dev-tools/mise-lock.html

[[tools.vite-plus]]
version = "0.2.7"
backend = "vfox:vite-plus"

[tools.vite-plus."platforms.linux-arm64"]
url = "https://registry.npmjs.org/@voidzero-dev/vite-plus-cli-linux-arm64-gnu/-/vite-plus-cli-linux-arm64-gnu-0.2.7.tgz"

[tools.vite-plus."platforms.linux-arm64-musl"]
url = "https://registry.npmjs.org/@voidzero-dev/vite-plus-cli-linux-arm64-gnu/-/vite-plus-cli-linux-arm64-gnu-0.2.7.tgz"

[tools.vite-plus."platforms.linux-x64"]
url = "https://registry.npmjs.org/@voidzero-dev/vite-plus-cli-linux-x64-gnu/-/vite-plus-cli-linux-x64-gnu-0.2.7.tgz"

[tools.vite-plus."platforms.linux-x64-musl"]
url = "https://registry.npmjs.org/@voidzero-dev/vite-plus-cli-linux-x64-gnu/-/vite-plus-cli-linux-x64-gnu-0.2.7.tgz"

[tools.vite-plus."platforms.macos-arm64"]
url = "https://registry.npmjs.org/@voidzero-dev/vite-plus-cli-darwin-arm64/-/vite-plus-cli-darwin-arm64-0.2.7.tgz"

[tools.vite-plus."platforms.macos-x64"]
url = "https://registry.npmjs.org/@voidzero-dev/vite-plus-cli-darwin-x64/-/vite-plus-cli-darwin-x64-0.2.7.tgz"

[tools.vite-plus."platforms.windows-x64"]
url = "https://registry.npmjs.org/@voidzero-dev/vite-plus-cli-win32-x64-msvc/-/vite-plus-cli-win32-x64-msvc-0.2.7.tgz"
